
Microsoft Visual Studio Solution File, Format Version 12.00
# Visual Studio Version 16
VisualStudioVersion = 16.0.34114.132
MinimumVisualStudioVersion = 10.0.40219.1
Project("{FAE04EC0-301F-11D3-BF4B-00C04F79EFBC}") = "BT02", "BT02\BT02.csproj", "{57ADE0E9-9003-4F51-8391-354ECA80F751}"
EndProject
Project("{FAE04EC0-301F-11D3-BF4B-00C04F79EFBC}") = "BT01", "BT01\BT01.csproj", "{9E15A068-57A5-488F-97C2-8728D7B801D8}"
EndProject
Global
	GlobalSection(SolutionConfigurationPlatforms) = preSolution
		Debug|Any CPU = Debug|Any CPU
		Release|Any CPU = Release|Any CPU
	EndGlobalSection
	GlobalSection(ProjectConfigurationPlatforms) = postSolution
		{57ADE0E9-9003-4F51-8391-354ECA80F751}.Debug|Any CPU.ActiveCfg = Debug|Any CPU
		{57ADE0E9-9003-4F51-8391-354ECA80F751}.Debug|Any CPU.Build.0 = Debug|Any CPU
		{57ADE0E9-9003-4F51-8391-354ECA80F751}.Release|Any CPU.ActiveCfg = Release|Any CPU
		{57ADE0E9-9003-4F51-8391-354ECA80F751}.Release|Any CPU.Build.0 = Release|Any CPU
		{9E15A068-57A5-488F-97C2-8728D7B801D8}.Debug|Any CPU.ActiveCfg = Debug|Any CPU
		{9E15A068-57A5-488F-97C2-8728D7B801D8}.Debug|Any CPU.Build.0 = Debug|Any CPU
		{9E15A068-57A5-488F-97C2-8728D7B801D8}.Release|Any CPU.ActiveCfg = Release|Any CPU
		{9E15A068-57A5-488F-97C2-8728D7B801D8}.Release|Any CPU.Build.0 = Release|Any CPU
	EndGlobalSection
	GlobalSection(SolutionProperties) = preSolution
		HideSolutionNode = FALSE
	EndGlobalSection
	GlobalSection(ExtensibilityGlobals) = postSolution
		SolutionGuid = {204B882C-C708-49EF-A926-F7B11051E66C}
	EndGlobalSection
EndGlobal
